
Microsoft Visual Studio Solution File, Format Version 12.00
# Visual Studio Version 16
VisualStudioVersion = 16.0.29123.88
MinimumVisualStudioVersion = 10.0.40219.1
Project("{FAE04EC0-301F-11D3-BF4B-00C04F79EFBC}") = "cw2", "cw2.csproj", "{AB69E758-F2BE-4E4C-AFA9-5D5ABCA3A182}"
EndProject
Global
	GlobalSection(SolutionConfigurationPlatforms) = preSolution
		Debug|Any CPU = Debug|Any CPU
		Release|Any CPU = Release|Any CPU
	EndGlobalSection
	GlobalSection(ProjectConfigurationPlatforms) = postSolution
		{AB69E758-F2BE-4E4C-AFA9-5D5ABCA3A182}.Debug|Any CPU.ActiveCfg = Debug|Any CPU
		{AB69E758-F2BE-4E4C-AFA9-5D5ABCA3A182}.Debug|Any CPU.Build.0 = Debug|Any CPU
		{AB69E758-F2BE-4E4C-AFA9-5D5ABCA3A182}.Release|Any CPU.ActiveCfg = Release|Any CPU
		{AB69E758-F2BE-4E4C-AFA9-5D5ABCA3A182}.Release|Any CPU.Build.0 = Release|Any CPU
	EndGlobalSection
	GlobalSection(SolutionProperties) = preSolution
		HideSolutionNode = FALSE
	EndGlobalSection
	GlobalSection(ExtensibilityGlobals) = postSolution
		SolutionGuid = {7AAE1823-F09D-4678-9A3C-7A9FF82A46D9}
	EndGlobalSection
EndGlobal
